// !$*UTF8*$!
{
	archiveVersion = 1;
	classes = {
	};
	objectVersion = 50;
	objects = {

/* Begin PBXBuildFile section */
		495E425D23E0FF4100F80A6B /* AppDelegate.swift in Sources */ = {isa = PBXBuildFile; fileRef = 495E425C23E0FF4100F80A6B /* AppDelegate.swift */; };
		495E425F23E0FF4100F80A6B /* SceneDelegate.swift in Sources */ = {isa = PBXBuildFile; fileRef = 495E425E23E0FF4100F80A6B /* SceneDelegate.swift */; };
		495E426123E0FF4100F80A6B /* ViewController.swift in Sources */ = {isa = PBXBuildFile; fileRef = 495E426023E0FF4100F80A6B /* ViewController.swift */; };
		495E426423E0FF4100F80A6B /* Main.storyboard in Resources */ = {isa = PBXBuildFile; fileRef = 495E426223E0FF4100F80A6B /* Main.storyboard */; };
		495E426623E0FF4300F80A6B /* Assets.xcassets in Resources */ = {isa = PBXBuildFile; fileRef = 495E426523E0FF4300F80A6B /* Assets.xcassets */; };
		495E426923E0FF4300F80A6B /* LaunchScreen.storyboard in Resources */ = {isa = PBXBuildFile; fileRef = 495E426723E0FF4300F80A6B /* LaunchScreen.storyboard */; };
		495E427423E0FF4300F80A6B /* tipcalcTests.swift in Sources */ = {isa = PBXBuildFile; fileRef = 495E427323E0FF4300F80A6B /* tipcalcTests.swift */; };
		495E427F23E0FF4300F80A6B /* tipcalcUITests.swift in Sources */ = {isa = PBXBuildFile; fileRef = 495E427E23E0FF4300F80A6B /* tipcalcUITests.swift */; };
/* End PBXBuildFile section */

/* Begin PBXContainerItemProxy section */
		495E427023E0FF4300F80A6B /* PBXContainerItemProxy */ = {
			isa = PBXContainerItemProxy;
			containerPortal = 495E425123E0FF4100F80A6B /* Project object */;
			proxyType = 1;
			remoteGlobalIDString = 495E425823E0FF4100F80A6B;
			remoteInfo = tipcalc;
		};
		495E427B23E0FF4300F80A6B /* PBXContainerItemProxy */ = {
			isa = PBXContainerItemProxy;
			containerPortal = 495E425123E0FF4100F80A6B /* Project object */;
			proxyType = 1;
			remoteGlobalIDString = 495E425823E0FF4100F80A6B;
			remoteInfo = tipcalc;
		};
/* End PBXContainerItemProxy section */

/* Begin PBXFileReference section */
		495E425923E0FF4100F80A6B /* tipcalc.app */ = {isa = PBXFileReference; explicitFileType = wrapper.application; includeInIndex = 0; path = tipcalc.app; sourceTree = BUILT_PRODUCTS_DIR; };
		495E425C23E0FF4100F80A6B /* AppDelegate.swift */ = {isa = PBXFileReference; lastKnownFileType = sourcecode.swift; path = AppDelegate.swift; sourceTree = "<group>"; };
		495E425E23E0FF4100F80A6B /* SceneDelegate.swift */ = {isa = PBXFileReference; lastKnownFileType = sourcecode.swift; path = SceneDelegate.swift; sourceTree = "<group>"; };
		495E426023E0FF4100F80A6B /* ViewController.swift */ = {isa = PBXFileReference; lastKnownFileType = sourcecode.swift; path = ViewController.swift; sourceTree = "<group>"; };
		495E426323E0FF4100F80A6B /* Base */ = {isa = PBXFileReference; lastKnownFileType = file.storyboard; name = Base; path = Base.lproj/Main.storyboard; sourceTree = "<group>"; };
		495E426523E0FF4300F80A6B /* Assets.xcassets */ = {isa = PBXFileReference; lastKnownFileType = folder.assetcatalog; path = Assets.xcassets; sourceTree = "<group>"; };
		495E426823E0FF4300F80A6B /* Base */ = {isa = PBXFileReference; lastKnownFileType = file.storyboard; name = Base; path = Base.lproj/LaunchScreen.storyboard; sourceTree = "<group>"; };
		495E426A23E0FF4300F80A6B /* Info.plist */ = {isa = PBXFileReference; lastKnownFileType = text.plist.xml; path = Info.plist; sourceTree = "<group>"; };
		495E426F23E0FF4300F80A6B /* tipcalcTests.xctest */ = {isa = PBXFileReference; explicitFileType = wrapper.cfbundle; includeInIndex = 0; path = tipcalcTests.xctest; sourceTree = BUILT_PRODUCTS_DIR; };
		495E427323E0FF4300F80A6B /* tipcalcTests.swift */ = {isa = PBXFileReference; lastKnownFileType = sourcecode.swift; path = tipcalcTests.swift; sourceTree = "<group>"; };
		495E427523E0FF4300F80A6B /* Info.plist */ = {isa = PBXFileReference; lastKnownFileType = text.plist.xml; path = Info.plist; sourceTree = "<group>"; };
		495E427A23E0FF4300F80A6B /* tipcalcUITests.xctest */ = {isa = PBXFileReference; explicitFileType = wrapper.cfbundle; includeInIndex = 0; path = tipcalcUITests.xctest; sourceTree = BUILT_PRODUCTS_DIR; };
		495E427E23E0FF4300F80A6B /* tipcalcUITests.swift */ = {isa = PBXFileReference; lastKnownFileType = sourcecode.swift; path = tipcalcUITests.swift; sourceTree = "<group>"; };
		495E428023E0FF4300F80A6B /* Info.plist */ = {isa = PBXFileReference; lastKnownFileType = text.plist.xml; path = Info.plist; sourceTree = "<group>"; };
/* End PBXFileReference section */

/* Begin PBXFrameworksBuildPhase section */
		495E425623E0FF4100F80A6B /* Frameworks */ = {
			isa = PBXFrameworksBuildPhase;
			buildActionMask = 2147483647;
			files = (
			);
			runOnlyForDeploymentPostprocessing = 0;
		};
		495E426C23E0FF4300F80A6B /* Frameworks */ = {
			isa = PBXFrameworksBuildPhase;
			buildActionMask = 2147483647;
			files = (
			);
			runOnlyForDeploymentPostprocessing = 0;
		};
		495E427723E0FF4300F80A6B /* Frameworks */ = {
			isa = PBXFrameworksBuildPhase;
			buildActionMask = 2147483647;
			files = (
			);
			runOnlyForDeploymentPostprocessing = 0;
		};
/* End PBXFrameworksBuildPhase section */

/* Begin PBXGroup section */
		495E425023E0FF4100F80A6B = {
			isa = PBXGroup;
			children = (
				495E425B23E0FF4100F80A6B /* tipcalc */,
				495E427223E0FF4300F80A6B /* tipcalcTests */,
				495E427D23E0FF4300F80A6B /* tipcalcUITests */,
				495E425A23E0FF4100F80A6B /* Products */,
			);
			sourceTree = "<group>";
		};
		495E425A23E0FF4100F80A6B /* Products */ = {
			isa = PBXGroup;
			children = (
				495E425923E0FF4100F80A6B /* tipcalc.app */,
				495E426F23E0FF4300F80A6B /* tipcalcTests.xctest */,
				495E427A23E0FF4300F80A6B /* tipcalcUITests.xctest */,
			);
			name = Products;
			sourceTree = "<group>";
		};
		495E425B23E0FF4100F80A6B /* tipcalc */ = {
			isa = PBXGroup;
			children = (
				495E425C23E0FF4100F80A6B /* AppDelegate.swift */,
				495E425E23E0FF4100F80A6B /* SceneDelegate.swift */,
				495E426023E0FF4100F80A6B /* ViewController.swift */,
				495E426223E0FF4100F80A6B /* Main.storyboard */,
				495E426523E0FF4300F80A6B /* Assets.xcassets */,
				495E426723E0FF4300F80A6B /* LaunchScreen.storyboard */,
				495E426A23E0FF4300F80A6B /* Info.plist */,
			);
			path = tipcalc;
			sourceTree = "<group>";
		};
		495E427223E0FF4300F80A6B /* tipcalcTests */ = {
			isa = PBXGroup;
			children = (
				495E427323E0FF4300F80A6B /* tipcalcTests.swift */,
				495E427523E0FF4300F80A6B /* Info.plist */,
			);
			path = tipcalcTests;
			sourceTree = "<group>";
		};
		495E427D23E0FF4300F80A6B /* tipcalcUITests */ = {
			isa = PBXGroup;
			children = (
				495E427E23E0FF4300F80A6B /* tipcalcUITests.swift */,
				495E428023E0FF4300F80A6B /* Info.plist */,
			);
			path = tipcalcUITests;
			sourceTree = "<group>";
		};
/* End PBXGroup section */

/* Begin PBXNativeTarget section */
		495E425823E0FF4100F80A6B /* tipcalc */ = {
			isa = PBXNativeTarget;
			buildConfigurationList = 495E428323E0FF4300F80A6B /* Build configuration list for PBXNativeTarget "tipcalc" */;
			buildPhases = (
				495E425523E0FF4100F80A6B /* Sources */,
				495E425623E0FF4100F80A6B /* Frameworks */,
				495E425723E0FF4100F80A6B /* Resources */,
			);
			buildRules = (
			);
			dependencies = (
			);
			name = tipcalc;
			productName = tipcalc;
			productReference = 495E425923E0FF4100F80A6B /* tipcalc.app */;
			productType = "com.apple.product-type.application";
		};
		495E426E23E0FF4300F80A6B /* tipcalcTests */ = {
			isa = PBXNativeTarget;
			buildConfigurationList = 495E428623E0FF4300F80A6B /* Build configuration list for PBXNativeTarget "tipcalcTests" */;
			buildPhases = (
				495E426B23E0FF4300F80A6B /* Sources */,
				495E426C23E0FF4300F80A6B /* Frameworks */,
				495E426D23E0FF4300F80A6B /* Resources */,
			);
			buildRules = (
			);
			dependencies = (
				495E427123E0FF4300F80A6B /* PBXTargetDependency */,
			);
			name = tipcalcTests;
			productName = tipcalcTests;
			productReference = 495E426F23E0FF4300F80A6B /* tipcalcTests.xctest */;
			productType = "com.apple.product-type.bundle.unit-test";
		};
		495E427923E0FF4300F80A6B /* tipcalcUITests */ = {
			isa = PBXNativeTarget;
			buildConfigurationList = 495E428923E0FF4300F80A6B /* Build configuration list for PBXNativeTarget "tipcalcUITests" */;
			buildPhases = (
				495E427623E0FF4300F80A6B /* Sources */,
				495E427723E0FF4300F80A6B /* Frameworks */,
				495E427823E0FF4300F80A6B /* Resources */,
			);
			buildRules = (
			);
			dependencies = (
				495E427C23E0FF4300F80A6B /* PBXTargetDependency */,
			);
			name = tipcalcUITests;
			productName = tipcalcUITests;
			productReference = 495E427A23E0FF4300F80A6B /* tipcalcUITests.xctest */;
			productType = "com.apple.product-type.bundle.ui-testing";
		};
/* End PBXNativeTarget section */

/* Begin PBXProject section */
		495E425123E0FF4100F80A6B /* Project object */ = {
			isa = PBXProject;
			attributes = {
				LastSwiftUpdateCheck = 1130;
				LastUpgradeCheck = 1130;
				ORGANIZATIONNAME = andrew;
				TargetAttributes = {
					495E425823E0FF4100F80A6B = {
						CreatedOnToolsVersion = 11.3.1;
					};
					495E426E23E0FF4300F80A6B = {
						CreatedOnToolsVersion = 11.3.1;
						TestTargetID = 495E425823E0FF4100F80A6B;
					};
					495E427923E0FF4300F80A6B = {
						CreatedOnToolsVersion = 11.3.1;
						TestTargetID = 495E425823E0FF4100F80A6B;
					};
				};
			};
			buildConfigurationList = 495E425423E0FF4100F80A6B /* Build configuration list for PBXProject "tipcalc" */;
			compatibilityVersion = "Xcode 9.3";
			developmentRegion = en;
			hasScannedForEncodings = 0;
			knownRegions = (
				en,
				Base,
			);
			mainGroup = 495E425023E0FF4100F80A6B;
			productRefGroup = 495E425A23E0FF4100F80A6B /* Products */;
			projectDirPath = "";
			projectRoot = "";
			targets = (
				495E425823E0FF4100F80A6B /* tipcalc */,
				495E426E23E0FF4300F80A6B /* tipcalcTests */,
				495E427923E0FF4300F80A6B /* tipcalcUITests */,
			);
		};
/* End PBXProject section */

/* Begin PBXResourcesBuildPhase section */
		495E425723E0FF4100F80A6B /* Resources */ = {
			isa = PBXResourcesBuildPhase;
			buildActionMask = 2147483647;
			files = (
				495E426923E0FF4300F80A6B /* LaunchScreen.storyboard in Resources */,
				495E426623E0FF4300F80A6B /* Assets.xcassets in Resources */,
				495E426423E0FF4100F80A6B /* Main.storyboard in Resources */,
			);
			runOnlyForDeploymentPostprocessing = 0;
		};
		495E426D23E0FF4300F80A6B /* Resources */ = {
			isa = PBXResourcesBuildPhase;
			buildActionMask = 2147483647;
			files = (
			);
			runOnlyForDeploymentPostprocessing = 0;
		};
		495E427823E0FF4300F80A6B /* Resources */ = {
			isa = PBXResourcesBuildPhase;
			buildActionMask = 2147483647;
			files = (
			);
			runOnlyForDeploymentPostprocessing = 0;
		};
/* End PBXResourcesBuildPhase section */

/* Begin PBXSourcesBuildPhase section */
		495E425523E0FF4100F80A6B /* Sources */ = {
			isa = PBXSourcesBuildPhase;
			buildActionMask = 2147483647;
			files = (
				495E426123E0FF4100F80A6B /* ViewController.swift in Sources */,
				495E425D23E0FF4100F80A6B /* AppDelegate.swift in Sources */,
				495E425F23E0FF4100F80A6B /* SceneDelegate.swift in Sources */,
			);
			runOnlyForDeploymentPostprocessing = 0;
		};
		495E426B23E0FF4300F80A6B /* Sources */ = {
			isa = PBXSourcesBuildPhase;
			buildActionMask = 2147483647;
			files = (
				495E427423E0FF4300F80A6B /* tipcalcTests.swift in Sources */,
			);
			runOnlyForDeploymentPostprocessing = 0;
		};
		495E427623E0FF4300F80A6B /* Sources */ = {
			isa = PBXSourcesBuildPhase;
			buildActionMask = 2147483647;
			files = (
				495E427F23E0FF4300F80A6B /* tipcalcUITests.swift in Sources */,
			);
			runOnlyForDeploymentPostprocessing = 0;
		};
/* End PBXSourcesBuildPhase section */

/* Begin PBXTargetDependency section */
		495E427123E0FF4300F80A6B /* PBXTargetDependency */ = {
			isa = PBXTargetDependency;
			target = 495E425823E0FF4100F80A6B /* tipcalc */;
			targetProxy = 495E427023E0FF4300F80A6B /* PBXContainerItemProxy */;
		};
		495E427C23E0FF4300F80A6B /* PBXTargetDependency */ = {
			isa = PBXTargetDependency;
			target = 495E425823E0FF4100F80A6B /* tipcalc */;
			targetProxy = 495E427B23E0FF4300F80A6B /* PBXContainerItemProxy */;
		};
/* End PBXTargetDependency section */

/* Begin PBXVariantGroup section */
		495E426223E0FF4100F80A6B /* Main.storyboard */ = {
			isa = PBXVariantGroup;
			children = (
				495E426323E0FF4100F80A6B /* Base */,
			);
			name = Main.storyboard;
			sourceTree = "<group>";
		};
		495E426723E0FF4300F80A6B /* LaunchScreen.storyboard */ = {
			isa = PBXVariantGroup;
			children = (
				495E426823E0FF4300F80A6B /* Base */,
			);
			name = LaunchScreen.storyboard;
			sourceTree = "<group>";
		};
/* End PBXVariantGroup section */

/* Begin XCBuildConfiguration section */
		495E428123E0FF4300F80A6B /* Debug */ = {
			isa = XCBuildConfiguration;
			buildSettings = {
				ALWAYS_SEARCH_USER_PATHS = NO;
				CLANG_ANALYZER_NONNULL = YES;
				CLANG_ANALYZER_NUMBER_OBJECT_CONVERSION = YES_AGGRESSIVE;
				CLANG_CXX_LANGUAGE_STANDARD = "gnu++14";
				CLANG_CXX_LIBRARY = "libc++";
				CLANG_ENABLE_MODULES = YES;
				CLANG_ENABLE_OBJC_ARC = YES;
				CLANG_ENABLE_OBJC_WEAK = YES;
				CLANG_WARN_BLOCK_CAPTURE_AUTORELEASING = YES;
				CLANG_WARN_BOOL_CONVERSION = YES;
				CLANG_WARN_COMMA = YES;
				CLANG_WARN_CONSTANT_CONVERSION = YES;
				CLANG_WARN_DEPRECATED_OBJC_IMPLEMENTATIONS = YES;
				CLANG_WARN_DIRECT_OBJC_ISA_USAGE = YES_ERROR;
				CLANG_WARN_DOCUMENTATION_COMMENTS = YES;
				CLANG_WARN_EMPTY_BODY = YES;
				CLANG_WARN_ENUM_CONVERSION = YES;
				CLANG_WARN_INFINITE_RECURSION = YES;
				CLANG_WARN_INT_CONVERSION = YES;
				CLANG_WARN_NON_LITERAL_NULL_CONVERSION = YES;
				CLANG_WARN_OBJC_IMPLICIT_RETAIN_SELF = YES;
				CLANG_WARN_OBJC_LITERAL_CONVERSION = YES;
				CLANG_WARN_OBJC_ROOT_CLASS = YES_ERROR;
				CLANG_WARN_RANGE_LOOP_ANALYSIS = YES;
				CLANG_WARN_STRICT_PROTOTYPES = YES;
				CLANG_WARN_SUSPICIOUS_MOVE = YES;
				CLANG_WARN_UNGUARDED_AVAILABILITY = YES_AGGRESSIVE;
				CLANG_WARN_UNREACHABLE_CODE = YES;
				CLANG_WARN__DUPLICATE_METHOD_MATCH = YES;
				COPY_PHASE_STRIP = NO;
				DEBUG_INFORMATION_FORMAT = dwarf;
				ENABLE_STRICT_OBJC_MSGSEND = YES;
				ENABLE_TESTABILITY = YES;
				GCC_C_LANGUAGE_STANDARD = gnu11;
				GCC_DYNAMIC_NO_PIC = NO;
				GCC_NO_COMMON_BLOCKS = YES;
				GCC_OPTIMIZATION_LEVEL = 0;
				GCC_PREPROCESSOR_DEFINITIONS = (
					"DEBUG=1",
					"$(inherited)",
				);
				GCC_WARN_64_TO_32_BIT_CONVERSION = YES;
				GCC_WARN_ABOUT_RETURN_TYPE = YES_ERROR;
				GCC_WARN_UNDECLARED_SELECTOR = YES;
				GCC_WARN_UNINITIALIZED_AUTOS = YES_AGGRESSIVE;
				GCC_WARN_UNUSED_FUNCTION = YES;
				GCC_WARN_UNUSED_VARIABLE = YES;
				IPHONEOS_DEPLOYMENT_TARGET = 13.2;
				MTL_ENABLE_DEBUG_INFO = INCLUDE_SOURCE;
				MTL_FAST_MATH = YES;
				ONLY_ACTIVE_ARCH = YES;
				SDKROOT = iphoneos;
				SWIFT_ACTIVE_COMPILATION_CONDITIONS = DEBUG;
				SWIFT_OPTIMIZATION_LEVEL = "-Onone";
			};
			name = Debug;
		};
		495E428223E0FF4300F80A6B /* Release */ = {
			isa = XCBuildConfiguration;
			buildSettings = {
				ALWAYS_SEARCH_USER_PATHS = NO;
				CLANG_ANALYZER_NONNULL = YES;
				CLANG_ANALYZER_NUMBER_OBJECT_CONVERSION = YES_AGGRESSIVE;
				CLANG_CXX_LANGUAGE_STANDARD = "gnu++14";
				CLANG_CXX_LIBRARY = "libc++";
				CLANG_ENABLE_MODULES = YES;
				CLANG_ENABLE_OBJC_ARC = YES;
				CLANG_ENABLE_OBJC_WEAK = YES;
				CLANG_WARN_BLOCK_CAPTURE_AUTORELEASING = YES;
				CLANG_WARN_BOOL_CONVERSION = YES;
				CLANG_WARN_COMMA = YES;
				CLANG_WARN_CONSTANT_CONVERSION = YES;
				CLANG_WARN_DEPRECATED_OBJC_IMPLEMENTATIONS = YES;
				CLANG_WARN_DIRECT_OBJC_ISA_USAGE = YES_ERROR;
				CLANG_WARN_DOCUMENTATION_COMMENTS = YES;
				CLANG_WARN_EMPTY_BODY = YES;
				CLANG_WARN_ENUM_CONVERSION = YES;
				CLANG_WARN_INFINITE_RECURSION = YES;
				CLANG_WARN_INT_CONVERSION = YES;
				CLANG_WARN_NON_LITERAL_NULL_CONVERSION = YES;
				CLANG_WARN_OBJC_IMPLICIT_RETAIN_SELF = YES;
				CLANG_WARN_OBJC_LITERAL_CONVERSION = YES;
				CLANG_WARN_OBJC_ROOT_CLASS = YES_ERROR;
				CLANG_WARN_RANGE_LOOP_ANALYSIS = YES;
				CLANG_WARN_STRICT_PROTOTYPES = YES;
				CLANG_WARN_SUSPICIOUS_MOVE = YES;
				CLANG_WARN_UNGUARDED_AVAILABILITY = YES_AGGRESSIVE;
				CLANG_WARN_UNREACHABLE_CODE = YES;
				CLANG_WARN__DUPLICATE_METHOD_MATCH = YES;
				COPY_PHASE_STRIP = NO;
				DEBUG_INFORMATION_FORMAT = "dwarf-with-dsym";
				ENABLE_NS_ASSERTIONS = NO;
				ENABLE_STRICT_OBJC_MSGSEND = YES;
				GCC_C_LANGUAGE_STANDARD = gnu11;
				GCC_NO_COMMON_BLOCKS = YES;
				GCC_WARN_64_TO_32_BIT_CONVERSION = YES;
				GCC_WARN_ABOUT_RETURN_TYPE = YES_ERROR;
				GCC_WARN_UNDECLARED_SELECTOR = YES;
				GCC_WARN_UNINITIALIZED_AUTOS = YES_AGGRESSIVE;
				GCC_WARN_UNUSED_FUNCTION = YES;
				GCC_WARN_UNUSED_VARIABLE = YES;
				IPHONEOS_DEPLOYMENT_TARGET = 13.2;
				MTL_ENABLE_DEBUG_INFO = NO;
				MTL_FAST_MATH = YES;
				SDKROOT = iphoneos;
				SWIFT_COMPILATION_MODE = wholemodule;
				SWIFT_OPTIMIZATION_LEVEL = "-O";
				VALIDATE_PRODUCT = YES;
			};
			name = Release;
		};
		495E428423E0FF4300F80A6B /* Debug */ = {
			isa = XCBuildConfiguration;
			buildSettings = {
				ASSETCATALOG_COMPILER_APPICON_NAME = AppIcon;
				CODE_SIGN_STYLE = Automatic;
				INFOPLIST_FILE = tipcalc/Info.plist;
				LD_RUNPATH_SEARCH_PATHS = (
					"$(inherited)",
					"@executable_path/Frameworks",
				);
				PRODUCT_BUNDLE_IDENTIFIER = coursework.tipcalc;
				PRODUCT_NAME = "$(TARGET_NAME)";
				SWIFT_VERSION = 5.0;
				TARGETED_DEVICE_FAMILY = "1,2";
			};
			name = Debug;
		};
		495E428523E0FF4300F80A6B /* Release */ = {
			isa = XCBuildConfiguration;
			buildSettings = {
				ASSETCATALOG_COMPILER_APPICON_NAME = AppIcon;
				CODE_SIGN_STYLE = Automatic;
				INFOPLIST_FILE = tipcalc/Info.plist;
				LD_RUNPATH_SEARCH_PATHS = (
					"$(inherited)",
					"@executable_path/Frameworks",
				);
				PRODUCT_BUNDLE_IDENTIFIER = coursework.tipcalc;
				PRODUCT_NAME = "$(TARGET_NAME)";
				SWIFT_VERSION = 5.0;
				TARGETED_DEVICE_FAMILY = "1,2";
			};
			name = Release;
		};
		495E428723E0FF4300F80A6B /* Debug */ = {
			isa = XCBuildConfiguration;
			buildSettings = {
				ALWAYS_EMBED_SWIFT_STANDARD_LIBRARIES = YES;
				BUNDLE_LOADER = "$(TEST_HOST)";
				CODE_SIGN_STYLE = Automatic;
				INFOPLIST_FILE = tipcalcTests/Info.plist;
				IPHONEOS_DEPLOYMENT_TARGET = 13.2;
				LD_RUNPATH_SEARCH_PATHS = (
					"$(inherited)",
					"@executable_path/Frameworks",
					"@loader_path/Frameworks",
				);
				PRODUCT_BUNDLE_IDENTIFIER = coursework.tipcalcTests;
				PRODUCT_NAME = "$(TARGET_NAME)";
				SWIFT_VERSION = 5.0;
				TARGETED_DEVICE_FAMILY = "1,2";
				TEST_HOST = "$(BUILT_PRODUCTS_DIR)/tipcalc.app/tipcalc";
			};
			name = Debug;
		};
		495E428823E0FF4300F80A6B /* Release */ = {
			isa = XCBuildConfiguration;
			buildSettings = {
				ALWAYS_EMBED_SWIFT_STANDARD_LIBRARIES = YES;
				BUNDLE_LOADER = "$(TEST_HOST)";
				CODE_SIGN_STYLE = Automatic;
				INFOPLIST_FILE = tipcalcTests/Info.plist;
				IPHONEOS_DEPLOYMENT_TARGET = 13.2;
				LD_RUNPATH_SEARCH_PATHS = (
					"$(inherited)",
					"@executable_path/Frameworks",
					"@loader_path/Frameworks",
				);
				PRODUCT_BUNDLE_IDENTIFIER = coursework.tipcalcTests;
				PRODUCT_NAME = "$(TARGET_NAME)";
				SWIFT_VERSION = 5.0;
				TARGETED_DEVICE_FAMILY = "1,2";
				TEST_HOST = "$(BUILT_PRODUCTS_DIR)/tipcalc.app/tipcalc";
			};
			name = Release;
		};
		495E428A23E0FF4300F80A6B /* Debug */ = {
			isa = XCBuildConfiguration;
			buildSettings = {
				ALWAYS_EMBED_SWIFT_STANDARD_LIBRARIES = YES;
				CODE_SIGN_STYLE = Automatic;
				INFOPLIST_FILE = tipcalcUITests/Info.plist;
				LD_RUNPATH_SEARCH_PATHS = (
					"$(inherited)",
					"@executable_path/Frameworks",
					"@loader_path/Frameworks",
				);
				PRODUCT_BUNDLE_IDENTIFIER = coursework.tipcalcUITests;
				PRODUCT_NAME = "$(TARGET_NAME)";
				SWIFT_VERSION = 5.0;
				TARGETED_DEVICE_FAMILY = "1,2";
				TEST_TARGET_NAME = tipcalc;
			};
			name = Debug;
		};
		495E428B23E0FF4300F80A6B /* Release */ = {
			isa = XCBuildConfiguration;
			buildSettings = {
				ALWAYS_EMBED_SWIFT_STANDARD_LIBRARIES = YES;
				CODE_SIGN_STYLE = Automatic;
				INFOPLIST_FILE = tipcalcUITests/Info.plist;
				LD_RUNPATH_SEARCH_PATHS = (
					"$(inherited)",
					"@executable_path/Frameworks",
					"@loader_path/Frameworks",
				);
				PRODUCT_BUNDLE_IDENTIFIER = coursework.tipcalcUITests;
				PRODUCT_NAME = "$(TARGET_NAME)";
				SWIFT_VERSION = 5.0;
				TARGETED_DEVICE_FAMILY = "1,2";
				TEST_TARGET_NAME = tipcalc;
			};
			name = Release;
		};
/* End XCBuildConfiguration section */

/* Begin XCConfigurationList section */
		495E425423E0FF4100F80A6B /* Build configuration list for PBXProject "tipcalc" */ = {
			isa = XCConfigurationList;
			buildConfigurations = (
				495E428123E0FF4300F80A6B /* Debug */,
				495E428223E0FF4300F80A6B /* Release */,
			);
			defaultConfigurationIsVisible = 0;
			defaultConfigurationName = Release;
		};
		495E428323E0FF4300F80A6B /* Build configuration list for PBXNativeTarget "tipcalc" */ = {
			isa = XCConfigurationList;
			buildConfigurations = (
				495E428423E0FF4300F80A6B /* Debug */,
				495E428523E0FF4300F80A6B /* Release */,
			);
			defaultConfigurationIsVisible = 0;
			defaultConfigurationName = Release;
		};
		495E428623E0FF4300F80A6B /* Build configuration list for PBXNativeTarget "tipcalcTests" */ = {
			isa = XCConfigurationList;
			buildConfigurations = (
				495E428723E0FF4300F80A6B /* Debug */,
				495E428823E0FF4300F80A6B /* Release */,
			);
			defaultConfigurationIsVisible = 0;
			defaultConfigurationName = Release;
		};
		495E428923E0FF4300F80A6B /* Build configuration list for PBXNativeTarget "tipcalcUITests" */ = {
			isa = XCConfigurationList;
			buildConfigurations = (
				495E428A23E0FF4300F80A6B /* Debug */,
				495E428B23E0FF4300F80A6B /* Release */,
			);
			defaultConfigurationIsVisible = 0;
			defaultConfigurationName = Release;
		};
/* End XCConfigurationList section */
	};
	rootObject = 495E425123E0FF4100F80A6B /* Project object */;
}
